PODS:
  - APDAdColonyAdapter (2.6.0.1-Beta):
    - Appodeal (= 2.6.0-Beta)
  - APDAmazonAdsAdapter (2.6.0.1-Beta):
    - Appodeal (= 2.6.0-Beta)
  - APDAppLovinAdapter (2.6.0.1-Beta):
    - Appodeal (= 2.6.0-Beta)
  - APDAppodealAdExchangeAdapter (2.6.0.1-Beta):
    - Appodeal (= 2.6.0-Beta)
  - APDChartboostAdapter (2.6.0.1-Beta):
    - Appodeal (= 2.6.0-Beta)
  - APDFacebookAudienceAdapter (2.6.0.1-Beta):
    - Appodeal (= 2.6.0-Beta)
    - FBSDKCoreKit/Basics (~> 5.6.0)
  - APDGoogleAdMobAdapter (2.6.0.1-Beta):
    - Appodeal (= 2.6.0-Beta)
    - Google-Mobile-Ads-SDK (= 7.52.0)
  - APDInMobiAdapter (2.6.0.1-Beta):
    - Appodeal (= 2.6.0-Beta)
  - APDInnerActiveAdapter (2.6.0.1-Beta):
    - Appodeal (= 2.6.0-Beta)
  - APDIronSourceAdapter (2.6.0.1-Beta):
    - Appodeal (= 2.6.0-Beta)
  - APDMintegralAdapter (2.6.0.1-Beta):
    - Appodeal (= 2.6.0-Beta)
  - APDMyTargetAdapter (2.6.0.1-Beta):
    - Appodeal (= 2.6.0-Beta)
  - APDOpenXAdapter (2.6.0.1-Beta):
    - Appodeal (= 2.6.0-Beta)
  - APDPubnativeAdapter (2.6.0.1-Beta):
    - Appodeal (= 2.6.0-Beta)
  - APDStartAppAdapter (2.6.0.1-Beta):
    - Appodeal (= 2.6.0-Beta)
  - APDTapjoyAdapter (2.6.0.1-Beta):
    - Appodeal (= 2.6.0-Beta)
  - APDUnityAdapter (2.6.0.1-Beta):
    - Appodeal (= 2.6.0-Beta)
  - APDVungleAdapter (2.6.0.1-Beta):
    - Appodeal (= 2.6.0-Beta)
  - APDYandexAdapter (2.6.0.1-Beta):
    - Appodeal (= 2.6.0-Beta)
    - YandexMobileMetrica (< 4.0.0, >= 3.2.0)
  - Appodeal (2.6.0-Beta)
  - FBSDKCoreKit/Basics (5.6.0)
  - Google-Mobile-Ads-SDK (7.52.0):
    - GoogleAppMeasurement (~> 6.0)
  - GoogleAppMeasurement (6.1.5):
    - GoogleUtilities/AppDelegateSwizzler (~> 6.0)
    - GoogleUtilities/MethodSwizzler (~> 6.0)
    - GoogleUtilities/Network (~> 6.0)
    - "GoogleUtilities/NSData+zlib (~> 6.0)"
    - nanopb (= 0.3.9011)
  - GoogleUtilities/AppDelegateSwizzler (6.3.1):
    - GoogleUtilities/Environment
    - GoogleUtilities/Logger
    - GoogleUtilities/Network
  - GoogleUtilities/Environment (6.3.1)
  - GoogleUtilities/Logger (6.3.1):
    - GoogleUtilities/Environment
  - GoogleUtilities/MethodSwizzler (6.3.1):
    - GoogleUtilities/Logger
  - GoogleUtilities/Network (6.3.1):
    - GoogleUtilities/Logger
    - "GoogleUtilities/NSData+zlib"
    - GoogleUtilities/Reachability
  - "GoogleUtilities/NSData+zlib (6.3.1)"
  - GoogleUtilities/Reachability (6.3.1):
    - GoogleUtilities/Logger
  - nanopb (0.3.9011):
    - nanopb/decode (= 0.3.9011)
    - nanopb/encode (= 0.3.9011)
  - nanopb/decode (0.3.9011)
  - nanopb/encode (0.3.9011)
  - YandexMobileMetrica (3.8.2):
    - YandexMobileMetrica/Static (= 3.8.2)
  - YandexMobileMetrica/Static (3.8.2):
    - YandexMobileMetrica/Static/Core (= 3.8.2)
    - YandexMobileMetrica/Static/Crashes (= 3.8.2)
  - YandexMobileMetrica/Static/Core (3.8.2)
  - YandexMobileMetrica/Static/Crashes (3.8.2):
    - YandexMobileMetrica/Static/Core

DEPENDENCIES:
  - APDAdColonyAdapter (= 2.6.0.1-Beta)
  - APDAmazonAdsAdapter (= 2.6.0.1-Beta)
  - APDAppLovinAdapter (= 2.6.0.1-Beta)
  - APDAppodealAdExchangeAdapter (= 2.6.0.1-Beta)
  - APDChartboostAdapter (= 2.6.0.1-Beta)
  - APDFacebookAudienceAdapter (= 2.6.0.1-Beta)
  - APDGoogleAdMobAdapter (= 2.6.0.1-Beta)
  - APDInMobiAdapter (= 2.6.0.1-Beta)
  - APDInnerActiveAdapter (= 2.6.0.1-Beta)
  - APDIronSourceAdapter (= 2.6.0.1-Beta)
  - APDMintegralAdapter (= 2.6.0.1-Beta)
  - APDMyTargetAdapter (= 2.6.0.1-Beta)
  - APDOpenXAdapter (= 2.6.0.1-Beta)
  - APDPubnativeAdapter (= 2.6.0.1-Beta)
  - APDStartAppAdapter (= 2.6.0.1-Beta)
  - APDTapjoyAdapter (= 2.6.0.1-Beta)
  - APDUnityAdapter (= 2.6.0.1-Beta)
  - APDVungleAdapter (= 2.6.0.1-Beta)
  - APDYandexAdapter (= 2.6.0.1-Beta)
  - Appodeal (= 2.6.0-Beta)

SPEC REPOS:
  https://github.com/CocoaPods/Specs.git:
    - APDAdColonyAdapter
    - APDAmazonAdsAdapter
    - APDAppLovinAdapter
    - APDAppodealAdExchangeAdapter
    - APDChartboostAdapter
    - APDFacebookAudienceAdapter
    - APDGoogleAdMobAdapter
    - APDInMobiAdapter
    - APDInnerActiveAdapter
    - APDIronSourceAdapter
    - APDMintegralAdapter
    - APDMyTargetAdapter
    - APDOpenXAdapter
    - APDPubnativeAdapter
    - APDStartAppAdapter
    - APDTapjoyAdapter
    - APDUnityAdapter
    - APDVungleAdapter
    - APDYandexAdapter
    - Appodeal
    - FBSDKCoreKit
    - Google-Mobile-Ads-SDK
    - GoogleAppMeasurement
    - GoogleUtilities
    - nanopb
    - YandexMobileMetrica

SPEC CHECKSUMS:
  APDAdColonyAdapter: bc21b7d9cc98ee2dd3ae3e3f2c2decdf3b7fd943
  APDAmazonAdsAdapter: 4d424754509e8025ae3bd2ec26c8a0372c9fae6b
  APDAppLovinAdapter: 3cc8337accf572b13d890f1632a2578318885146
  APDAppodealAdExchangeAdapter: a7cf969fe1a6ad0c067eda91a2964621855b5adb
  APDChartboostAdapter: 849f1bf7dd0fda99e2c5d652ca9282916f69004d
  APDFacebookAudienceAdapter: 926bbae2cff3a2c3aaebb8b366261e8503510ce0
  APDGoogleAdMobAdapter: 1fc0c3da1116d8285e1ad703757bdbdb76133058
  APDInMobiAdapter: 9e28ef5cb93d7d56f13e270ffcec99f13739f9a0
  APDInnerActiveAdapter: ba6e3fbbbd7687360eb245a99f926acfe7b471e4
  APDIronSourceAdapter: 36e1db7186587e364242b0eff04c1421501ca757
  APDMintegralAdapter: e95e0c96638f273b868d7d15f3c97218bf794c40
  APDMyTargetAdapter: 7ae690cf9effd21dc8e3a5c9dd0a420addec33d2
  APDOpenXAdapter: 21c70c4a7d7eedee28d6bb113fe14a7451d91906
  APDPubnativeAdapter: cf9e9a0a8a3753746279b2d19845d7fd69b99498
  APDStartAppAdapter: a5d3520c93d78592c5d3193f748f9f5ccee5a165
  APDTapjoyAdapter: 6de433cd375d455952fecb704484526cfb540a67
  APDUnityAdapter: dad4153d05225db6f3b27e095a7c0f2f7ba9dc8b
  APDVungleAdapter: 61ceda5686f45124b67a99377f1495e3cd427db4
  APDYandexAdapter: 777c29e138eeacb270de6ebae251a66d97921d50
  Appodeal: eeab0f762e4344b2efe94454c8ef59493a1ab86f
  FBSDKCoreKit: d6655a343868d4bb5c29a60859bab07c3be14a0b
  Google-Mobile-Ads-SDK: 62f6244637306cb60a1b4adda067f53224c7a860
  GoogleAppMeasurement: 037f46d1d8ae8b312720f1042585ab961a1289e3
  GoogleUtilities: f895fde57977df4e0233edda0dbeac490e3703b6
  nanopb: 18003b5e52dab79db540fe93fe9579f399bd1ccd
  YandexMobileMetrica: edb00e8af2903290e142ba4c488adf8d394e828a

PODFILE CHECKSUM: 27058a329be5ed754ef0f40605183016f71864a8

COCOAPODS: 1.8.3
